github.com/Mrs4s/argv v0.0.0-20190807004248-0c89c6f8ab29 h1:hdUQ2FLl5k+zlHElx1eLIqTUGW8SsMnhdwv6M9tWqbE=
github.com/Mrs4s/argv v0.0.0-20190807004248-0c89c6f8ab29/go.mod h1:TbPS3Ij5eRJUiex+x2l89squHcfC/nXDoEeQ4WKym0w=
github.com/Mrs4s/go-shlex v0.0.0-20190807232614-d172964e699b h1:+zcV9/Se1aT9/LsEZ7oHVIZ9Iwx0eWmWDwpnAfXVDu4=
github.com/Mrs4s/go-shlex v0.0.0-20190807232614-d172964e699b/go.mod h1:U39QMOKJwKJvQnpVXtQt+oWysXUrrKYwi4YtkDkiFh4=
github.com/Mrs4s/ishell v2.3.0+incompatible h1:NLBYde8vZtJegfdKpGNPnM261eqh2OL0MKtL4sKt3k8=
github.com/Mrs4s/ishell v2.3.0+incompatible/go.mod h1:EswMOnLCb/bvOhdqM8sFWk22hYnHW4MoL2KWMmGCkXI=
github.com/Mrs4s/readline v0.0.0-20190807221348-fd731b21ab6d h1:h7Hi0/Q5BqVX3xPLDEpJ/A8/IY83FcCek+/p7pHWDkA=
github.com/Mrs4s/readline v0.0.0-20190807221348-fd731b21ab6d/go.mod h1:ZmuoIslJ/9sSNF7d5xhGgKc18433VO9xpONk0Bla1kE=
github.com/fatih/color v1.7.0 h1:DkWD4oS2D8LGGgTQ6IvwJJXSL5Vp2ffcQg58nFV38Ys=
github.com/fatih/color v1.7.0/go.mod h1:Zm6kSWBoL9eyXnKyktHP6abPY2pDugNf5KwzbycvMj4=
github.com/mattn/go-colorable v0.1.2 h1:/bC9yWikZXAL9uJdulbSfyVNIR3n3trXl+v8+1sx8mU=
github.com/mattn/go-colorable v0.1.2/go.mod h1:U0ppj6V5qS13XJ6of8GYAs25YV2eR4EVcfRqFIhoBtE=
github.com/mattn/go-isatty v0.0.8 h1:HLtExJ+uU2HOZ+wI0Tt5DtUDrx8yhUqDcp7fYERX4CE=
github.com/mattn/go-isatty v0.0.8/go.mod h1:Iq45c/XA43vh69/j3iqttzPXn0bhXyGjM0Hdxcsrc5s=
github.com/mattn/go-runewidth v0.0.4 h1:2BvfKmzob6Bmd4YsL0zygOqfdFnK7GR4QL06Do4/p7Y=
github.com/mattn/go-runewidth v0.0.4/go.mod h1:LwmH8dsx7+W8Uxz3IHJYH5QSwggIsqBzpuz5H//U1FU=
github.com/tidwall/gjson v1.3.2 h1:+7p3qQFaH3fOMXAJSrdZwGKcOO/lYdGS0HqGhPqDdTI=
github.com/tidwall/gjson v1.3.2/go.mod h1:P256ACg0Mn+j1RXIDXoss50DeIABTYK1PULOJHhxOls=
github.com/tidwall/match v1.0.1 h1:PnKP62LPNxHKTwvHHZZzdOAOCtsJTjo6dZLCwpKm5xc=
github.com/tidwall/match v1.0.1/go.mod h1:LujAq0jyVjBy028G1WhWfIzbpQfMO8bBZ6Tyb0+pL9E=
github.com/tidwall/pretty v1.0.0 h1:HsD+QiTn7sK6flMKIvNmpqz1qrpP3Ps6jOKIKMooyg4=
github.com/tidwall/pretty v1.0.0/go.mod h1:XNkn88O1ChpSDQmQeStsy+sBenx6DDtFZJxhVysOjyk=
golang.org/x/sys v0.0.0-20190222072716-a9d3bda3a223/go.mod h1:STP8DvDyc/dI5b8T5hshtkjS+E42TnysNCUPdjciGhY=
